# THIS IS AN AUTOGENERATED FILE. DO NOT EDIT THIS FILE DIRECTLY.
# yarn lockfile v1


"@aws-sdk/checksums@^3.1000.28":
  version "3.1000.28"
  resolved "https://registry.npmjs.org/@aws-sdk/checksums/-/checksums-3.1000.28.tgz"
  integrity sha512-VCpnmyHQ1IH49ni3LXnQj7DPr7rmcJmzYeiCkYdCcfgNtkvOj38cdcL9lapBWoItZWFACJPFJlymqC7/gem3Gw==
  dependencies:
    "@aws-sdk/core" "^3.977.8"
    "@aws-sdk/types" "^3.974.4"
    "@smithy/core" "^3.31.1"
    "@smithy/types" "^4.16.1"
    tslib "^2.6.2"

"@aws-sdk/client-s3@^3.758.0":
  version "3.1114.0"
  resolved "https://registry.npmjs.org/@aws-sdk/client-s3/-/client-s3-3.1114.0.tgz"
  integrity sha512-ZeAgOtB+CXFaWXph98U7a/XrBlVx1lQ2rCJRWLxLmAaQ9k5lht6DWfwnEcVjdzduK/ySao1tCjq0fBAScGqjAg==
  dependencies:
    "@aws-sdk/checksums" "^3.1000.28"
    "@aws-sdk/core" "^3.977.8"
    "@aws-sdk/credential-provider-node" "^3.972.80"
    "@aws-sdk/middleware-sdk-s3" "^3.972.74"
    "@aws-sdk/signature-v4-multi-region" "^3.996.45"
    "@aws-sdk/types" "^3.974.4"
    "@smithy/core" "^3.31.1"
    "@smithy/fetch-http-handler" "^5.6.13"
    "@smithy/node-http-handler" "^4.9.13"
    "@smithy/types" "^4.16.1"
    tslib "^2.6.2"

"@aws-sdk/core@^3.977.8":
  version "3.977.8"
  resolved "https://registry.npmjs.org/@aws-sdk/core/-/core-3.977.8.tgz"
  integrity sha512-7+Kcrkvrk9lM/m7jRhHpT4jCdvzGHsuaSRbF8TdzzkY1mRzp/Ogwf9c7H29k4gGhey0BBWhCWr16+t0J61gwmg==
  dependencies:
    "@aws-sdk/types" "^3.974.4"
    "@aws-sdk/xml-builder" "^3.972.39"
    "@aws/lambda-invoke-store" "^0.3.0"
    "@smithy/core" "^3.31.1"
    "@smithy/signature-v4" "^5.6.12"
    "@smithy/types" "^4.16.1"
    bowser "^2.11.0"
    tslib "^2.6.2"

"@aws-sdk/credential-provider-env@^3.972.69":
  version "3.972.69"
  resolved "https://registry.npmjs.org/@aws-sdk/credential-provider-env/-/credential-provider-env-3.972.69.tgz"
  integrity sha512-AreCFzcB4kH2HF9031Ot0jSJr3KXvRg6e8uDeub20JEVdZU3Bv0sTq1plc7VsT3KiqutlzH7l0j50UcCWHUioA==
  dependencies:
    "@aws-sdk/core" "^3.977.8"
    "@aws-sdk/types" "^3.974.4"
    "@smithy/core" "^3.31.1"
    "@smithy/types" "^4.16.1"
    tslib "^2.6.2"

"@aws-sdk/credential-provider-http@^3.972.71":
  version "3.972.71"
  resolved "https://registry.npmjs.org/@aws-sdk/credential-provider-http/-/credential-provider-http-3.972.71.tgz"
  integrity sha512-A8ObcqVmDMnk4F9NozZ7JwmUu9Q4xyBJkmyq1C5U+wNM9ht9J7+EuuyabsLWXZnOoTqFaJuYBYTKf5CTipkEjA==
  dependencies:
    "@aws-sdk/core" "^3.977.8"
    "@aws-sdk/types" "^3.974.4"
    "@smithy/core" "^3.31.1"
    "@smithy/fetch-http-handler" "^5.6.13"
    "@smithy/node-http-handler" "^4.9.13"
    "@smithy/types" "^4.16.1"
    tslib "^2.6.2"

"@aws-sdk/credential-provider-ini@^3.973.14":
  version "3.973.14"
  resolved "https://registry.npmjs.org/@aws-sdk/credential-provider-ini/-/credential-provider-ini-3.973.14.tgz"
  integrity sha512-7c+Wti2LsERNWMfm7ySz3/6RPopFW3Nmn7s63Xpcq6R/tRuY5hpvkHA2xVgi5ukJbvok9l0IDtVEvqTtg+X7dw==
  dependencies:
    "@aws-sdk/core" "^3.977.8"
    "@aws-sdk/credential-provider-env" "^3.972.69"
    "@aws-sdk/credential-provider-http" "^3.972.71"
    "@aws-sdk/credential-provider-login" "^3.972.76"
    "@aws-sdk/credential-provider-process" "^3.972.69"
    "@aws-sdk/credential-provider-sso" "^3.973.13"
    "@aws-sdk/credential-provider-web-identity" "^3.972.75"
    "@aws-sdk/nested-clients" "^3.997.43"
    "@aws-sdk/types" "^3.974.4"
    "@smithy/core" "^3.31.1"
    "@smithy/credential-provider-imds" "^4.4.16"
    "@smithy/types" "^4.16.1"
    tslib "^2.6.2"

"@aws-sdk/credential-provider-login@^3.972.76":
  version "3.972.76"
  resolved "https://registry.npmjs.org/@aws-sdk/credential-provider-login/-/credential-provider-login-3.972.76.tgz"
  integrity sha512-LVixwOnEJfrrfKHeZjBA8pIMTZjNDq8ak8VpcoWUuCJDrSnBNU8POJksULMgvN089P0MXtQYH2Zs627/MK1K0g==
  dependencies:
    "@aws-sdk/core" "^3.977.8"
    "@aws-sdk/nested-clients" "^3.997.43"
    "@aws-sdk/types" "^3.974.4"
    "@smithy/core" "^3.31.1"
    "@smithy/types" "^4.16.1"
    tslib "^2.6.2"

"@aws-sdk/credential-provider-node@^3.972.80":
  version "3.972.80"
  resolved "https://registry.npmjs.org/@aws-sdk/credential-provider-node/-/credential-provider-node-3.972.80.tgz"
  integrity sha512-bE2qh8ww4iClO1jHsBXdOE8FUgzDbdxbyorNjSCoPSkQd51k3jODItuPZfuwcLHZqDXsH+bI4AMHhqtuyR7mSg==
  dependencies:
    "@aws-sdk/credential-provider-env" "^3.972.69"
    "@aws-sdk/credential-provider-http" "^3.972.71"
    "@aws-sdk/credential-provider-ini" "^3.973.14"
    "@aws-sdk/credential-provider-process" "^3.972.69"
    "@aws-sdk/credential-provider-sso" "^3.973.13"
    "@aws-sdk/credential-provider-web-identity" "^3.972.75"
    "@aws-sdk/types" "^3.974.4"
    "@smithy/core" "^3.31.1"
    "@smithy/credential-provider-imds" "^4.4.16"
    "@smithy/types" "^4.16.1"
    tslib "^2.6.2"

"@aws-sdk/credential-provider-process@^3.972.69":
  version "3.972.69"
  resolved "https://registry.npmjs.org/@aws-sdk/credential-provider-process/-/credential-provider-process-3.972.69.tgz"
  integrity sha512-9kpTNdZTrcqXTfhxM7fgl9Z68ek3Fu5oe3Yf+A/pJGibEqpgZxz2tSY7SinmyCIU2PJ+ygY4FPoBBnLpocMtrQ==
  dependencies:
    "@aws-sdk/core" "^3.977.8"
    "@aws-sdk/types" "^3.974.4"
    "@smithy/core" "^3.31.1"
    "@smithy/types" "^4.16.1"
    tslib "^2.6.2"

"@aws-sdk/credential-provider-sso@^3.973.13":
  version "3.973.13"
  resolved "https://registry.npmjs.org/@aws-sdk/credential-provider-sso/-/credential-provider-sso-3.973.13.tgz"
  integrity sha512-Oc81qauMPzUoTnAS2YKpNwY6sY/LUyQTEeaf6yP197WMxkEBQfcKLR1MFpD7+pNTubXnfkH6gwpji+Gc7iyD2Q==
  dependencies:
    "@aws-sdk/core" "^3.977.8"
    "@aws-sdk/nested-clients" "^3.997.43"
    "@aws-sdk/token-providers" "3.1111.0"
    "@aws-sdk/types" "^3.974.4"
    "@smithy/core" "^3.31.1"
    "@smithy/types" "^4.16.1"
    tslib "^2.6.2"

"@aws-sdk/credential-provider-web-identity@^3.972.75":
  version "3.972.75"
  resolved "https://registry.npmjs.org/@aws-sdk/credential-provider-web-identity/-/credential-provider-web-identity-3.972.75.tgz"
  integrity sha512-YPN6uoGDgjjjeVFZrcOeCJqmB6zpXoeeNgIjqe+DexJaWqdjVfCCe+VAZwli9Z2h8KhFW8oxkO39emQ1tyz/Mw==
  dependencies:
    "@aws-sdk/core" "^3.977.8"
    "@aws-sdk/nested-clients" "^3.997.43"
    "@aws-sdk/types" "^3.974.4"
    "@smithy/core" "^3.31.1"
    "@smithy/types" "^4.16.1"
    tslib "^2.6.2"

"@aws-sdk/middleware-sdk-s3@^3.972.74":
  version "3.972.74"
  resolved "https://registry.npmjs.org/@aws-sdk/middleware-sdk-s3/-/middleware-sdk-s3-3.972.74.tgz"
  integrity sha512-2lzoV2z2QO5KJZYGOCnIZ1WVQgzMECvwuzr1xb034a++8QW4U4eGrmC2u4yg1xvNv4TLL/Uv5DLyuAiw0b9z7Q==
  dependencies:
    "@aws-sdk/core" "^3.977.8"
    "@aws-sdk/signature-v4-multi-region" "^3.996.45"
    "@aws-sdk/types" "^3.974.4"
    "@smithy/core" "^3.31.1"
    "@smithy/types" "^4.16.1"
    tslib "^2.6.2"

"@aws-sdk/nested-clients@^3.997.43":
  version "3.997.43"
  resolved "https://registry.npmjs.org/@aws-sdk/nested-clients/-/nested-clients-3.997.43.tgz"
  integrity sha512-bit+VpqWNyi3wHxFoTsTliNXimCSL2r2OeDTm7ZrG+YsTZ2D7ofDJ6r/t9PVBn80i6/v0X2h9Tgw6QP2MAKfPw==
  dependencies:
    "@aws-sdk/core" "^3.977.8"
    "@aws-sdk/signature-v4-multi-region" "^3.996.45"
    "@aws-sdk/types" "^3.974.4"
    "@smithy/core" "^3.31.1"
    "@smithy/fetch-http-handler" "^5.6.13"
    "@smithy/node-http-handler" "^4.9.13"
    "@smithy/types" "^4.16.1"
    tslib "^2.6.2"

"@aws-sdk/signature-v4-multi-region@^3.996.45":
  version "3.996.45"
  resolved "https://registry.npmjs.org/@aws-sdk/signature-v4-multi-region/-/signature-v4-multi-region-3.996.45.tgz"
  integrity sha512-bBuyztukzXq6plzFGHAWiQt0QXo+HL8b8lX5cFTzkez/74PtS1c0qPFCIVuHkyoT+miH2qOjAcm1/yoro2ESPA==
  dependencies:
    "@aws-sdk/types" "^3.974.4"
    "@smithy/signature-v4" "^5.6.12"
    "@smithy/types" "^4.16.1"
    tslib "^2.6.2"

"@aws-sdk/token-providers@3.1111.0":
  version "3.1111.0"
  resolved "https://registry.npmjs.org/@aws-sdk/token-providers/-/token-providers-3.1111.0.tgz"
  integrity sha512-JfljgoVtl+s3Qy21n9a7Z48uCQaOXcN74KJ3TEQfPoB293GrXFSt6HSQJF1sTZ8c/5QedEvd3NjJQMO4u9qa5A==
  dependencies:
    "@aws-sdk/core" "^3.977.8"
    "@aws-sdk/nested-clients" "^3.997.43"
    "@aws-sdk/types" "^3.974.4"
    "@smithy/core" "^3.31.1"
    "@smithy/types" "^4.16.1"
    tslib "^2.6.2"

"@aws-sdk/types@^3.974.4":
  version "3.974.4"
  resolved "https://registry.npmjs.org/@aws-sdk/types/-/types-3.974.4.tgz"
  integrity sha512-dSFDNG00MEz0/xl5gxL62giLd1iYyJsTxZ1I1DOj6lC+bbgLB4TRsYClJg3b62dhXT1uATzsTNXPnC+33EJV3A==
  dependencies:
    "@smithy/types" "^4.16.1"
    tslib "^2.6.2"

"@aws-sdk/xml-builder@^3.972.39":
  version "3.972.39"
  resolved "https://registry.npmjs.org/@aws-sdk/xml-builder/-/xml-builder-3.972.39.tgz"
  integrity sha512-FTti8DS5MMWXNUWiRwXAJeYS+0GHHiMy0+7XOhcwk63ILHmfS2UFy2z/HNpZCSOJJ3P3dnWY6hfYNW3DF0nXUA==
  dependencies:
    "@smithy/types" "^4.16.1"
    tslib "^2.6.2"

"@aws/lambda-invoke-store@^0.3.0":
  version "0.3.0"
  resolved "https://registry.npmjs.org/@aws/lambda-invoke-store/-/lambda-invoke-store-0.3.0.tgz"
  integrity sha512-sl4Bm6yiMNYrZKkqqDFWN0UfnWhlS8ivKxrYl+6t0gCLrqr8y3B2IqZZbFRkfaVVp7C/baApyh71P+LeE1A2sQ==

"@smithy/core@^3.31.1", "@smithy/core@^3.33.2", "@smithy/core@^3.33.3":
  version "3.33.3"
  resolved "https://registry.npmjs.org/@smithy/core/-/core-3.33.3.tgz"
  integrity sha512-CsOeKq/9kA3y6VJHt+/+VTCtBaxJ4OTFpgrjIUhPpDIKxBci1k2bJaQASF2h/ELWrulGp+t97DZ0mevfAD8idg==
  dependencies:
    "@smithy/types" "^4.17.2"
    tslib "^2.6.2"

"@smithy/credential-provider-imds@^4.4.16":
  version "4.5.2"
  resolved "https://registry.npmjs.org/@smithy/credential-provider-imds/-/credential-provider-imds-4.5.2.tgz"
  integrity sha512-A9uSdn72ozbRUSit0eib0TW7nXuNPlaeM0zcGkJ+nE6tFcSDbnmtwoxbTCFBukVQcszDAyvsd7+rTduPTXpygg==
  dependencies:
    "@smithy/core" "^3.33.2"
    "@smithy/types" "^4.17.2"
    tslib "^2.6.2"

"@smithy/fetch-http-handler@^5.6.13":
  version "5.7.2"
  resolved "https://registry.npmjs.org/@smithy/fetch-http-handler/-/fetch-http-handler-5.7.2.tgz"
  integrity sha512-nZyWTmSpJEXl6VtWVMBJve/7x12DZu6sIX1z1a+ZMaHlQQRs9Zpu6NbTe/gmxYXVRpkjxyDYpZ5gx2IM6f/Wkw==
  dependencies:
    "@smithy/core" "^3.33.2"
    "@smithy/types" "^4.17.2"
    tslib "^2.6.2"

"@smithy/node-http-handler@^4.9.13":
  version "4.11.3"
  resolved "https://registry.npmjs.org/@smithy/node-http-handler/-/node-http-handler-4.11.3.tgz"
  integrity sha512-2jY1tSpERfPfWqyBV2pH+iGFaghVsIJszJNsT7hxtQYhVJpWDyc0LqOWI+nXOxOAHaEfZ4PXXtp1wW1TGpHhkA==
  dependencies:
    "@smithy/core" "^3.33.3"
    "@smithy/types" "^4.17.2"
    tslib "^2.6.2"

"@smithy/signature-v4@^5.6.12":
  version "5.7.3"
  resolved "https://registry.npmjs.org/@smithy/signature-v4/-/signature-v4-5.7.3.tgz"
  integrity sha512-7ImGm+FkHRLcBaRttIAMZ6bzJZWb2cJGoYjq46F2UjycujWzrL9GEN9h4w7eQyXJYnltrUhxbbieBAIRrdqpow==
  dependencies:
    "@smithy/core" "^3.33.3"
    "@smithy/types" "^4.17.2"
    tslib "^2.6.2"

"@smithy/types@^4.16.1", "@smithy/types@^4.17.2":
  version "4.17.2"
  resolved "https://registry.npmjs.org/@smithy/types/-/types-4.17.2.tgz"
  integrity sha512-FOKpVZob9MPTn2znRzGrnsMHv7BOsKVw3XiP/cOyYLDVZ9qKp4nifIiSCuUU/fIj5Vu0UOAxCFr+qRAtG0NUkA==
  dependencies:
    tslib "^2.6.2"

"@supabase/auth-js@2.112.3":
  version "2.112.3"
  resolved "https://registry.npmjs.org/@supabase/auth-js/-/auth-js-2.112.3.tgz"
  integrity sha512-NA0rsgAlWZPvbhw8aUdmgfpHVgUAcd8zK5ov43l++o1bLIPXZhRiAlRobhwF5AatQuovpqxsMH50F4oyyV4XZw==
  dependencies:
    tslib "2.8.1"

"@supabase/functions-js@2.112.3":
  version "2.112.3"
  resolved "https://registry.npmjs.org/@supabase/functions-js/-/functions-js-2.112.3.tgz"
  integrity sha512-gfv481mTOVWtZIJgXupxZpni2V2UWPf6jeF/jOK7HdMHdH+mt6sU0sHHwf0POsPip8ltlulu9OUHgwVzl5ddRw==
  dependencies:
    tslib "2.8.1"

"@supabase/phoenix@0.4.5":
  version "0.4.5"
  resolved "https://registry.npmjs.org/@supabase/phoenix/-/phoenix-0.4.5.tgz"
  integrity sha512-aAn9H9ovVyeApKy11OWOrrOGq8DV68yWeH4ud2lN9fzn4aO8Zb5GLL9m1pUg9nLqIcT+ZDfAcsZe0E/nqdv2lw==

"@supabase/postgrest-js@2.112.3":
  version "2.112.3"
  resolved "https://registry.npmjs.org/@supabase/postgrest-js/-/postgrest-js-2.112.3.tgz"
  integrity sha512-+Mf6uCpzr00bqxwX8hTK2X2L9eAL/1vuOjdEjx6upz9ulb0RmQT16XeU/JkMUlVHw/B46ZnPa2busY4Kd9YCzw==
  dependencies:
    tslib "2.8.1"

"@supabase/realtime-js@2.112.3":
  version "2.112.3"
  resolved "https://registry.npmjs.org/@supabase/realtime-js/-/realtime-js-2.112.3.tgz"
  integrity sha512-E6wljXWs7DUOloyIB69i3YFInWE6IyCvgTAbQ0KYxOHv26FdA1KzEXTuzxrYEdf70t406Z9BRwUlGyclGF2FXA==
  dependencies:
    "@supabase/phoenix" "0.4.5"
    tslib "2.8.1"

"@supabase/storage-js@2.112.3":
  version "2.112.3"
  resolved "https://registry.npmjs.org/@supabase/storage-js/-/storage-js-2.112.3.tgz"
  integrity sha512-oSK61tzlUvg+BWPqpKQCu9qqonsO26btaoAR9D6Gest2aj7xUqToj9rKyaoYOJczkhg9BjqA1REbYy9tPI4bDA==
  dependencies:
    iceberg-js "^0.8.1"
    tslib "2.8.1"

"@supabase/supabase-js@^2.49.1":
  version "2.112.3"
  resolved "https://registry.npmjs.org/@supabase/supabase-js/-/supabase-js-2.112.3.tgz"
  integrity sha512-Jv1bxVQmEJNkjvPEhFaKjPzsh+Ozyew6lWGD+SoYcsclDEP1z7yEvKvfUQfzy0DkxRIQnZNxmmWtAzw5XLTQoA==
  dependencies:
    "@supabase/auth-js" "2.112.3"
    "@supabase/functions-js" "2.112.3"
    "@supabase/postgrest-js" "2.112.3"
    "@supabase/realtime-js" "2.112.3"
    "@supabase/storage-js" "2.112.3"

bowser@^2.11.0:
  version "2.14.1"
  resolved "https://registry.npmjs.org/bowser/-/bowser-2.14.1.tgz"
  integrity sha512-tzPjzCxygAKWFOJP011oxFHs57HzIhOEracIgAePE4pqB3LikALKnSzUyU4MGs9/iCEUuHlAJTjTc5M+u7YEGg==

chokidar@^4.0.3:
  version "4.0.3"
  resolved "https://registry.npmjs.org/chokidar/-/chokidar-4.0.3.tgz"
  integrity sha512-Qgzu8kfBvo+cA4962jnP1KkS6Dop5NS6g7R5LFYJr4b8Ub94PPQXUksCw9PvXoeXPRRddRNC5C1JQUR2SMGtnA==
  dependencies:
    readdirp "^4.0.1"

dotenv@^16.4.7:
  version "16.6.1"
  resolved "https://registry.npmjs.org/dotenv/-/dotenv-16.6.1.tgz"
  integrity sha512-uBq4egWHTcTt33a72vpSG0z3HnPuIl6NqYcTrKEg2azoEyl2hpW0zqlxysq2pK9HlDIHyHyakeYaYnSAwd8bow==

eventemitter3@^5.0.1:
  version "5.0.4"
  resolved "https://registry.npmjs.org/eventemitter3/-/eventemitter3-5.0.4.tgz"
  integrity sha512-mlsTRyGaPBjPedk6Bvw+aqbsXDtoAyAzm5MO7JgU+yVRyMQ5O8bD4Kcci7BS85f93veegeCPkL8R4GLClnjLFw==

iceberg-js@^0.8.1:
  version "0.8.1"
  resolved "https://registry.npmjs.org/iceberg-js/-/iceberg-js-0.8.1.tgz"
  integrity sha512-1dhVQZXhcHje7798IVM+xoo/1ZdVfzOMIc8/rgVSijRK38EDqOJoGula9N/8ZI5RD8QTxNQtK/Gozpr+qUqRRA==

p-queue@^8.1.0:
  version "8.1.1"
  resolved "https://registry.npmjs.org/p-queue/-/p-queue-8.1.1.tgz"
  integrity sha512-aNZ+VfjobsWryoiPnEApGGmf5WmNsCo9xu8dfaYamG5qaLP7ClhLN6NgsFe6SwJ2UbLEBK5dv9x8Mn5+RVhMWQ==
  dependencies:
    eventemitter3 "^5.0.1"
    p-timeout "^6.1.2"

p-timeout@^6.1.2:
  version "6.1.4"
  resolved "https://registry.npmjs.org/p-timeout/-/p-timeout-6.1.4.tgz"
  integrity sha512-MyIV3ZA/PmyBN/ud8vV9XzwTrNtR4jFrObymZYnZqMmW0zA8Z17vnT0rBgFE/TlohB+YCHqXMgZzb3Csp49vqg==

readdirp@^4.0.1:
  version "4.1.2"
  resolved "https://registry.npmjs.org/readdirp/-/readdirp-4.1.2.tgz"
  integrity sha512-GDhwkLfywWL2s6vEjyhri+eXmfH6j1L7JE27WhqLeYzoh/A3DBaYGEj2H/HFZCn/kMfim73FXxEJTw06WtxQwg==

tslib@^2.6.2, tslib@2.8.1:
  version "2.8.1"
  resolved "https://registry.npmjs.org/tslib/-/tslib-2.8.1.tgz"
  integrity sha512-oJFu94HQb+KVduSUQL7wnpmqnfmLsOA/nAh6b6EH0wCEoK0/mPeXU6c3wKDV83MkOuHPRHtSXKKU99IBazS/2w==
